
Microsoft Visual Studio Solution File, Format Version 12.00
# Visual Studio Version 17
VisualStudioVersion = 17.14.36310.24
MinimumVisualStudioVersion = 10.0.40219.1
Project("{9A19103F-16F7-4668-BE54-9A1E7A4F7556}") = "NevenBot", "NevenBot\NevenBot.csproj", "{490053BD-73C5-480A-9963-42D887EE6646}"
EndProject
Project("{2150E333-8FDC-42A3-9474-1A3956D46DE8}") = "Solution Items", "Solution Items", "{8A35D295-618F-43DE-9E7D-11522C8A354A}"
	ProjectSection(SolutionItems) = preProject
		.editorconfig = .editorconfig
	EndProjectSection
EndProject
Project("{FAE04EC0-301F-11D3-BF4B-00C04F79EFBC}") = "BotAPI", "BotAPI\BotAPI.csproj", "{A0220CDC-C7D8-47B8-966C-4055A84F40E7}"
EndProject
Global
	GlobalSection(SolutionConfigurationPlatforms) = preSolution
		Debug|Any CPU = Debug|Any CPU
		Release|Any CPU = Release|Any CPU
	EndGlobalSection
	GlobalSection(ProjectConfigurationPlatforms) = postSolution
		{490053BD-73C5-480A-9963-42D887EE6646}.Debug|Any CPU.ActiveCfg = Debug|Any CPU
		{490053BD-73C5-480A-9963-42D887EE6646}.Debug|Any CPU.Build.0 = Debug|Any CPU
		{490053BD-73C5-480A-9963-42D887EE6646}.Release|Any CPU.ActiveCfg = Release|Any CPU
		{490053BD-73C5-480A-9963-42D887EE6646}.Release|Any CPU.Build.0 = Release|Any CPU
		{A0220CDC-C7D8-47B8-966C-4055A84F40E7}.Debug|Any CPU.ActiveCfg = Debug|Any CPU
		{A0220CDC-C7D8-47B8-966C-4055A84F40E7}.Debug|Any CPU.Build.0 = Debug|Any CPU
		{A0220CDC-C7D8-47B8-966C-4055A84F40E7}.Release|Any CPU.ActiveCfg = Release|Any CPU
		{A0220CDC-C7D8-47B8-966C-4055A84F40E7}.Release|Any CPU.Build.0 = Release|Any CPU
	EndGlobalSection
	GlobalSection(SolutionProperties) = preSolution
		HideSolutionNode = FALSE
	EndGlobalSection
	GlobalSection(ExtensibilityGlobals) = postSolution
		SolutionGuid = {7255A7F7-3E36-4A04-97AE-81A275EC08F2}
	EndGlobalSection
EndGlobal
